
Microsoft Visual Studio Solution File, Format Version 12.00
# Visual Studio 2012
Project("{FAE04EC0-301F-11D3-BF4B-00C04F79EFBC}") = "CSMSL", "CSMSL\CSMSL.csproj", "{3C8C9F05-9C19-4251-95FA-05D7EDC8CAE6}"
EndProject
Project("{FAE04EC0-301F-11D3-BF4B-00C04F79EFBC}") = "CSMSL.Tests", "CSMSL.Tests\CSMSL.Tests.csproj", "{156FA2E7-48A5-4940-B4BF-1154B052579A}"
EndProject
Project("{FAE04EC0-301F-11D3-BF4B-00C04F79EFBC}") = "CSMSL.Examples", "CSMSL.Examples\CSMSL.Examples.csproj", "{7448B5D7-FFD9-4212-BCF5-1811DE3301C1}"
EndProject
Project("{FAE04EC0-301F-11D3-BF4B-00C04F79EFBC}") = "Thermo", "CSMSL\IO\Thermo\Thermo.csproj", "{24DC85FF-E97B-4140-9614-77DD8FDDD32F}"
EndProject
Project("{FAE04EC0-301F-11D3-BF4B-00C04F79EFBC}") = "Agilent", "CSMSL\IO\Agilent\Agilent.csproj", "{096D1DBE-12D7-4A60-B902-12768A2F2A08}"
EndProject
Global
	GlobalSection(SolutionConfigurationPlatforms) = preSolution
		Debug|x64 = Debug|x64
		Debug|x86 = Debug|x86
		Release|x64 = Release|x64
		Release|x86 = Release|x86
	EndGlobalSection
	GlobalSection(ProjectConfigurationPlatforms) = postSolution
		{3C8C9F05-9C19-4251-95FA-05D7EDC8CAE6}.Debug|x64.ActiveCfg = Debug|x64
		{3C8C9F05-9C19-4251-95FA-05D7EDC8CAE6}.Debug|x64.Build.0 = Debug|x64
		{3C8C9F05-9C19-4251-95FA-05D7EDC8CAE6}.Debug|x86.ActiveCfg = Debug|x86
		{3C8C9F05-9C19-4251-95FA-05D7EDC8CAE6}.Debug|x86.Build.0 = Debug|x86
		{3C8C9F05-9C19-4251-95FA-05D7EDC8CAE6}.Release|x64.ActiveCfg = Release|x64
		{3C8C9F05-9C19-4251-95FA-05D7EDC8CAE6}.Release|x64.Build.0 = Release|x64
		{3C8C9F05-9C19-4251-95FA-05D7EDC8CAE6}.Release|x86.ActiveCfg = Release|x86
		{3C8C9F05-9C19-4251-95FA-05D7EDC8CAE6}.Release|x86.Build.0 = Release|x86
		{156FA2E7-48A5-4940-B4BF-1154B052579A}.Debug|x64.ActiveCfg = Debug|x64
		{156FA2E7-48A5-4940-B4BF-1154B052579A}.Debug|x64.Build.0 = Debug|x64
		{156FA2E7-48A5-4940-B4BF-1154B052579A}.Debug|x86.ActiveCfg = Debug|x86
		{156FA2E7-48A5-4940-B4BF-1154B052579A}.Debug|x86.Build.0 = Debug|x86
		{156FA2E7-48A5-4940-B4BF-1154B052579A}.Release|x64.ActiveCfg = Release|x64
		{156FA2E7-48A5-4940-B4BF-1154B052579A}.Release|x64.Build.0 = Release|x64
		{156FA2E7-48A5-4940-B4BF-1154B052579A}.Release|x86.ActiveCfg = Release|x86
		{156FA2E7-48A5-4940-B4BF-1154B052579A}.Release|x86.Build.0 = Release|x86
		{7448B5D7-FFD9-4212-BCF5-1811DE3301C1}.Debug|x64.ActiveCfg = Debug|x64
		{7448B5D7-FFD9-4212-BCF5-1811DE3301C1}.Debug|x64.Build.0 = Debug|x64
		{7448B5D7-FFD9-4212-BCF5-1811DE3301C1}.Debug|x86.ActiveCfg = Debug|x86
		{7448B5D7-FFD9-4212-BCF5-1811DE3301C1}.Debug|x86.Build.0 = Debug|x86
		{7448B5D7-FFD9-4212-BCF5-1811DE3301C1}.Release|x64.ActiveCfg = Release|x64
		{7448B5D7-FFD9-4212-BCF5-1811DE3301C1}.Release|x64.Build.0 = Release|x64
		{7448B5D7-FFD9-4212-BCF5-1811DE3301C1}.Release|x86.ActiveCfg = Release|x86
		{7448B5D7-FFD9-4212-BCF5-1811DE3301C1}.Release|x86.Build.0 = Release|x86
		{24DC85FF-E97B-4140-9614-77DD8FDDD32F}.Debug|x64.ActiveCfg = Debug|x64
		{24DC85FF-E97B-4140-9614-77DD8FDDD32F}.Debug|x64.Build.0 = Debug|x64
		{24DC85FF-E97B-4140-9614-77DD8FDDD32F}.Debug|x86.ActiveCfg = Debug|x86
		{24DC85FF-E97B-4140-9614-77DD8FDDD32F}.Debug|x86.Build.0 = Debug|x86
		{24DC85FF-E97B-4140-9614-77DD8FDDD32F}.Release|x64.ActiveCfg = Release|x64
		{24DC85FF-E97B-4140-9614-77DD8FDDD32F}.Release|x64.Build.0 = Release|x64
		{24DC85FF-E97B-4140-9614-77DD8FDDD32F}.Release|x86.ActiveCfg = Release|x86
		{24DC85FF-E97B-4140-9614-77DD8FDDD32F}.Release|x86.Build.0 = Release|x86
		{096D1DBE-12D7-4A60-B902-12768A2F2A08}.Debug|x64.ActiveCfg = Debug|x64
		{096D1DBE-12D7-4A60-B902-12768A2F2A08}.Debug|x64.Build.0 = Debug|x64
		{096D1DBE-12D7-4A60-B902-12768A2F2A08}.Debug|x86.ActiveCfg = Debug|x86
		{096D1DBE-12D7-4A60-B902-12768A2F2A08}.Release|x64.ActiveCfg = Release|x64
		{096D1DBE-12D7-4A60-B902-12768A2F2A08}.Release|x64.Build.0 = Release|x64
		{096D1DBE-12D7-4A60-B902-12768A2F2A08}.Release|x86.ActiveCfg = Release|x86
	EndGlobalSection
	GlobalSection(SolutionProperties) = preSolution
		HideSolutionNode = FALSE
	EndGlobalSection
EndGlobal
