
Microsoft Visual Studio Solution File, Format Version 12.00
# Visual Studio 2012
Project("{FAE04EC0-301F-11D3-BF4B-00C04F79EFBC}") = "CSMSL", "CSMSL\CSMSL.csproj", "{3C8C9F05-9C19-4251-95FA-05D7EDC8CAE6}"
EndProject
Project("{FAE04EC0-301F-11D3-BF4B-00C04F79EFBC}") = "CSMSL.Tests", "CSMSL.Tests\CSMSL.Tests.csproj", "{156FA2E7-48A5-4940-B4BF-1154B052579A}"
EndProject
Project("{FAE04EC0-301F-11D3-BF4B-00C04F79EFBC}") = "Thermo", "CSMSL\IO\Thermo\Thermo.csproj", "{24DC85FF-E97B-4140-9614-77DD8FDDD32F}"
EndProject
Project("{FAE04EC0-301F-11D3-BF4B-00C04F79EFBC}") = "Agilent", "CSMSL\IO\Agilent\Agilent.csproj", "{83C27418-E85C-4270-B9D1-066B9EAD5211}"
EndProject
Project("{FAE04EC0-301F-11D3-BF4B-00C04F79EFBC}") = "CSMSL.Examples", "CSMSL.Examples\CSMSL.Examples.csproj", "{AFA55374-C851-429F-AC43-CCC0A52C0315}"
EndProject
Project("{FAE04EC0-301F-11D3-BF4B-00C04F79EFBC}") = "Bruker", "CSMSL\IO\Bruker\Bruker.csproj", "{F1976BEF-8756-46C2-830B-A638FF4A2E8C}"
EndProject
Global
	GlobalSection(SolutionConfigurationPlatforms) = preSolution
		Debug|x64 = Debug|x64
		Debug|x86 = Debug|x86
		Release|x64 = Release|x64
		Release|x86 = Release|x86
	EndGlobalSection
	GlobalSection(ProjectConfigurationPlatforms) = postSolution
		{3C8C9F05-9C19-4251-95FA-05D7EDC8CAE6}.Debug|x64.ActiveCfg = Debug|x64
		{3C8C9F05-9C19-4251-95FA-05D7EDC8CAE6}.Debug|x64.Build.0 = Debug|x64
		{3C8C9F05-9C19-4251-95FA-05D7EDC8CAE6}.Debug|x86.ActiveCfg = Debug|x86
		{3C8C9F05-9C19-4251-95FA-05D7EDC8CAE6}.Debug|x86.Build.0 = Debug|x86
		{3C8C9F05-9C19-4251-95FA-05D7EDC8CAE6}.Release|x64.ActiveCfg = Release|x64
		{3C8C9F05-9C19-4251-95FA-05D7EDC8CAE6}.Release|x64.Build.0 = Release|x64
		{3C8C9F05-9C19-4251-95FA-05D7EDC8CAE6}.Release|x86.ActiveCfg = Release|x86
		{3C8C9F05-9C19-4251-95FA-05D7EDC8CAE6}.Release|x86.Build.0 = Release|x86
		{156FA2E7-48A5-4940-B4BF-1154B052579A}.Debug|x64.ActiveCfg = Debug|x64
		{156FA2E7-48A5-4940-B4BF-1154B052579A}.Debug|x64.Build.0 = Debug|x64
		{156FA2E7-48A5-4940-B4BF-1154B052579A}.Debug|x86.ActiveCfg = Debug|x86
		{156FA2E7-48A5-4940-B4BF-1154B052579A}.Debug|x86.Build.0 = Debug|x86
		{156FA2E7-48A5-4940-B4BF-1154B052579A}.Release|x64.ActiveCfg = Release|x64
		{156FA2E7-48A5-4940-B4BF-1154B052579A}.Release|x64.Build.0 = Release|x64
		{156FA2E7-48A5-4940-B4BF-1154B052579A}.Release|x86.ActiveCfg = Release|x86
		{156FA2E7-48A5-4940-B4BF-1154B052579A}.Release|x86.Build.0 = Release|x86
		{24DC85FF-E97B-4140-9614-77DD8FDDD32F}.Debug|x64.ActiveCfg = Debug|x64
		{24DC85FF-E97B-4140-9614-77DD8FDDD32F}.Debug|x64.Build.0 = Debug|x64
		{24DC85FF-E97B-4140-9614-77DD8FDDD32F}.Debug|x86.ActiveCfg = Debug|x86
		{24DC85FF-E97B-4140-9614-77DD8FDDD32F}.Debug|x86.Build.0 = Debug|x86
		{24DC85FF-E97B-4140-9614-77DD8FDDD32F}.Release|x64.ActiveCfg = Release|x64
		{24DC85FF-E97B-4140-9614-77DD8FDDD32F}.Release|x64.Build.0 = Release|x64
		{24DC85FF-E97B-4140-9614-77DD8FDDD32F}.Release|x86.ActiveCfg = Release|x86
		{24DC85FF-E97B-4140-9614-77DD8FDDD32F}.Release|x86.Build.0 = Release|x86
		{83C27418-E85C-4270-B9D1-066B9EAD5211}.Debug|x64.ActiveCfg = Debug|x64
		{83C27418-E85C-4270-B9D1-066B9EAD5211}.Debug|x64.Build.0 = Debug|x64
		{83C27418-E85C-4270-B9D1-066B9EAD5211}.Debug|x86.ActiveCfg = Debug|x86
		{83C27418-E85C-4270-B9D1-066B9EAD5211}.Debug|x86.Build.0 = Debug|x86
		{83C27418-E85C-4270-B9D1-066B9EAD5211}.Release|x64.ActiveCfg = Release|x64
		{83C27418-E85C-4270-B9D1-066B9EAD5211}.Release|x64.Build.0 = Release|x64
		{83C27418-E85C-4270-B9D1-066B9EAD5211}.Release|x86.ActiveCfg = Release|x86
		{83C27418-E85C-4270-B9D1-066B9EAD5211}.Release|x86.Build.0 = Release|x86
		{AFA55374-C851-429F-AC43-CCC0A52C0315}.Debug|x64.ActiveCfg = Debug|x64
		{AFA55374-C851-429F-AC43-CCC0A52C0315}.Debug|x64.Build.0 = Debug|x64
		{AFA55374-C851-429F-AC43-CCC0A52C0315}.Debug|x86.ActiveCfg = Debug|x86
		{AFA55374-C851-429F-AC43-CCC0A52C0315}.Debug|x86.Build.0 = Debug|x86
		{AFA55374-C851-429F-AC43-CCC0A52C0315}.Release|x64.ActiveCfg = Release|x64
		{AFA55374-C851-429F-AC43-CCC0A52C0315}.Release|x64.Build.0 = Release|x64
		{AFA55374-C851-429F-AC43-CCC0A52C0315}.Release|x86.ActiveCfg = Release|x86
		{AFA55374-C851-429F-AC43-CCC0A52C0315}.Release|x86.Build.0 = Release|x86
		{F1976BEF-8756-46C2-830B-A638FF4A2E8C}.Debug|x64.ActiveCfg = Debug|x64
		{F1976BEF-8756-46C2-830B-A638FF4A2E8C}.Debug|x64.Build.0 = Debug|x64
		{F1976BEF-8756-46C2-830B-A638FF4A2E8C}.Debug|x86.ActiveCfg = Debug|x86
		{F1976BEF-8756-46C2-830B-A638FF4A2E8C}.Debug|x86.Build.0 = Debug|x86
		{F1976BEF-8756-46C2-830B-A638FF4A2E8C}.Release|x64.ActiveCfg = Release|x64
		{F1976BEF-8756-46C2-830B-A638FF4A2E8C}.Release|x64.Build.0 = Release|x64
		{F1976BEF-8756-46C2-830B-A638FF4A2E8C}.Release|x86.ActiveCfg = Release|x86
		{F1976BEF-8756-46C2-830B-A638FF4A2E8C}.Release|x86.Build.0 = Release|x86
	EndGlobalSection
	GlobalSection(SolutionProperties) = preSolution
		HideSolutionNode = FALSE
	EndGlobalSection
EndGlobal
