
Microsoft Visual Studio Solution File, Format Version 12.00
# Visual Studio 2012
Project("{FAE04EC0-301F-11D3-BF4B-00C04F79EFBC}") = "CSMSL", "CSMSL\CSMSL.csproj", "{3C8C9F05-9C19-4251-95FA-05D7EDC8CAE6}"
EndProject
Project("{FAE04EC0-301F-11D3-BF4B-00C04F79EFBC}") = "CSMSL.Tests", "CSMSL.Tests\CSMSL.Tests.csproj", "{156FA2E7-48A5-4940-B4BF-1154B052579A}"
EndProject
Project("{FAE04EC0-301F-11D3-BF4B-00C04F79EFBC}") = "Thermo", "CSMSL\IO\Thermo\Thermo.csproj", "{24DC85FF-E97B-4140-9614-77DD8FDDD32F}"
EndProject
Project("{FAE04EC0-301F-11D3-BF4B-00C04F79EFBC}") = "CSMSL.Examples", "CSMSL.Examples\CSMSL.Examples.csproj", "{AFA55374-C851-429F-AC43-CCC0A52C0315}"
EndProject
Project("{FAE04EC0-301F-11D3-BF4B-00C04F79EFBC}") = "NeuQuant", "..\NeuQuant\NeuQuant.csproj", "{4E32FB84-71FA-4240-AA94-8B72E25C86F3}"
EndProject
Project("{FAE04EC0-301F-11D3-BF4B-00C04F79EFBC}") = "OMSSA", "CSMSL\IO\OMSSA\OMSSA.csproj", "{45A71E18-42E8-41A4-9479-2852C4186993}"
EndProject
Global
	GlobalSection(SolutionConfigurationPlatforms) = preSolution
		Debug|Mixed Platforms = Debug|Mixed Platforms
		Debug|x64 = Debug|x64
		Debug|x86 = Debug|x86
		Release|Mixed Platforms = Release|Mixed Platforms
		Release|x64 = Release|x64
		Release|x86 = Release|x86
	EndGlobalSection
	GlobalSection(ProjectConfigurationPlatforms) = postSolution
		{3C8C9F05-9C19-4251-95FA-05D7EDC8CAE6}.Debug|Mixed Platforms.ActiveCfg = Debug|x86
		{3C8C9F05-9C19-4251-95FA-05D7EDC8CAE6}.Debug|Mixed Platforms.Build.0 = Debug|x86
		{3C8C9F05-9C19-4251-95FA-05D7EDC8CAE6}.Debug|x64.ActiveCfg = Debug|x64
		{3C8C9F05-9C19-4251-95FA-05D7EDC8CAE6}.Debug|x64.Build.0 = Debug|x64
		{3C8C9F05-9C19-4251-95FA-05D7EDC8CAE6}.Debug|x86.ActiveCfg = Debug|x86
		{3C8C9F05-9C19-4251-95FA-05D7EDC8CAE6}.Debug|x86.Build.0 = Debug|x86
		{3C8C9F05-9C19-4251-95FA-05D7EDC8CAE6}.Release|Mixed Platforms.ActiveCfg = Release|x86
		{3C8C9F05-9C19-4251-95FA-05D7EDC8CAE6}.Release|Mixed Platforms.Build.0 = Release|x86
		{3C8C9F05-9C19-4251-95FA-05D7EDC8CAE6}.Release|x64.ActiveCfg = Release|x64
		{3C8C9F05-9C19-4251-95FA-05D7EDC8CAE6}.Release|x64.Build.0 = Release|x64
		{3C8C9F05-9C19-4251-95FA-05D7EDC8CAE6}.Release|x86.ActiveCfg = Release|x86
		{3C8C9F05-9C19-4251-95FA-05D7EDC8CAE6}.Release|x86.Build.0 = Release|x86
		{156FA2E7-48A5-4940-B4BF-1154B052579A}.Debug|Mixed Platforms.ActiveCfg = Debug|x86
		{156FA2E7-48A5-4940-B4BF-1154B052579A}.Debug|Mixed Platforms.Build.0 = Debug|x86
		{156FA2E7-48A5-4940-B4BF-1154B052579A}.Debug|x64.ActiveCfg = Debug|x64
		{156FA2E7-48A5-4940-B4BF-1154B052579A}.Debug|x64.Build.0 = Debug|x64
		{156FA2E7-48A5-4940-B4BF-1154B052579A}.Debug|x86.ActiveCfg = Debug|x86
		{156FA2E7-48A5-4940-B4BF-1154B052579A}.Debug|x86.Build.0 = Debug|x86
		{156FA2E7-48A5-4940-B4BF-1154B052579A}.Release|Mixed Platforms.ActiveCfg = Release|x86
		{156FA2E7-48A5-4940-B4BF-1154B052579A}.Release|Mixed Platforms.Build.0 = Release|x86
		{156FA2E7-48A5-4940-B4BF-1154B052579A}.Release|x64.ActiveCfg = Release|x64
		{156FA2E7-48A5-4940-B4BF-1154B052579A}.Release|x64.Build.0 = Release|x64
		{156FA2E7-48A5-4940-B4BF-1154B052579A}.Release|x86.ActiveCfg = Release|x86
		{156FA2E7-48A5-4940-B4BF-1154B052579A}.Release|x86.Build.0 = Release|x86
		{24DC85FF-E97B-4140-9614-77DD8FDDD32F}.Debug|Mixed Platforms.ActiveCfg = Debug|x86
		{24DC85FF-E97B-4140-9614-77DD8FDDD32F}.Debug|Mixed Platforms.Build.0 = Debug|x86
		{24DC85FF-E97B-4140-9614-77DD8FDDD32F}.Debug|x64.ActiveCfg = Debug|x64
		{24DC85FF-E97B-4140-9614-77DD8FDDD32F}.Debug|x64.Build.0 = Debug|x64
		{24DC85FF-E97B-4140-9614-77DD8FDDD32F}.Debug|x86.ActiveCfg = Debug|x86
		{24DC85FF-E97B-4140-9614-77DD8FDDD32F}.Debug|x86.Build.0 = Debug|x86
		{24DC85FF-E97B-4140-9614-77DD8FDDD32F}.Release|Mixed Platforms.ActiveCfg = Release|x86
		{24DC85FF-E97B-4140-9614-77DD8FDDD32F}.Release|Mixed Platforms.Build.0 = Release|x86
		{24DC85FF-E97B-4140-9614-77DD8FDDD32F}.Release|x64.ActiveCfg = Release|x64
		{24DC85FF-E97B-4140-9614-77DD8FDDD32F}.Release|x64.Build.0 = Release|x64
		{24DC85FF-E97B-4140-9614-77DD8FDDD32F}.Release|x86.ActiveCfg = Release|x86
		{24DC85FF-E97B-4140-9614-77DD8FDDD32F}.Release|x86.Build.0 = Release|x86
		{AFA55374-C851-429F-AC43-CCC0A52C0315}.Debug|Mixed Platforms.ActiveCfg = Debug|x86
		{AFA55374-C851-429F-AC43-CCC0A52C0315}.Debug|Mixed Platforms.Build.0 = Debug|x86
		{AFA55374-C851-429F-AC43-CCC0A52C0315}.Debug|x64.ActiveCfg = Debug|x64
		{AFA55374-C851-429F-AC43-CCC0A52C0315}.Debug|x64.Build.0 = Debug|x64
		{AFA55374-C851-429F-AC43-CCC0A52C0315}.Debug|x86.ActiveCfg = Debug|x86
		{AFA55374-C851-429F-AC43-CCC0A52C0315}.Debug|x86.Build.0 = Debug|x86
		{AFA55374-C851-429F-AC43-CCC0A52C0315}.Release|Mixed Platforms.ActiveCfg = Release|x86
		{AFA55374-C851-429F-AC43-CCC0A52C0315}.Release|Mixed Platforms.Build.0 = Release|x86
		{AFA55374-C851-429F-AC43-CCC0A52C0315}.Release|x64.ActiveCfg = Release|x64
		{AFA55374-C851-429F-AC43-CCC0A52C0315}.Release|x64.Build.0 = Release|x64
		{AFA55374-C851-429F-AC43-CCC0A52C0315}.Release|x86.ActiveCfg = Release|x86
		{AFA55374-C851-429F-AC43-CCC0A52C0315}.Release|x86.Build.0 = Release|x86
<<<<<<< HEAD
		{4E32FB84-71FA-4240-AA94-8B72E25C86F3}.Debug|Mixed Platforms.ActiveCfg = Debug|x86
		{4E32FB84-71FA-4240-AA94-8B72E25C86F3}.Debug|Mixed Platforms.Build.0 = Debug|x86
		{4E32FB84-71FA-4240-AA94-8B72E25C86F3}.Debug|x64.ActiveCfg = Debug|x86
		{4E32FB84-71FA-4240-AA94-8B72E25C86F3}.Debug|x86.ActiveCfg = Debug|x86
		{4E32FB84-71FA-4240-AA94-8B72E25C86F3}.Debug|x86.Build.0 = Debug|x86
		{4E32FB84-71FA-4240-AA94-8B72E25C86F3}.Release|Mixed Platforms.ActiveCfg = Release|x86
		{4E32FB84-71FA-4240-AA94-8B72E25C86F3}.Release|Mixed Platforms.Build.0 = Release|x86
		{4E32FB84-71FA-4240-AA94-8B72E25C86F3}.Release|x64.ActiveCfg = Release|x86
		{4E32FB84-71FA-4240-AA94-8B72E25C86F3}.Release|x86.ActiveCfg = Release|x86
		{4E32FB84-71FA-4240-AA94-8B72E25C86F3}.Release|x86.Build.0 = Release|x86
=======
		{F1976BEF-8756-46C2-830B-A638FF4A2E8C}.Debug|x64.ActiveCfg = Debug|x64
		{F1976BEF-8756-46C2-830B-A638FF4A2E8C}.Debug|x64.Build.0 = Debug|x64
		{F1976BEF-8756-46C2-830B-A638FF4A2E8C}.Debug|x86.ActiveCfg = Debug|x86
		{F1976BEF-8756-46C2-830B-A638FF4A2E8C}.Debug|x86.Build.0 = Debug|x86
		{F1976BEF-8756-46C2-830B-A638FF4A2E8C}.Release|x64.ActiveCfg = Release|x64
		{F1976BEF-8756-46C2-830B-A638FF4A2E8C}.Release|x64.Build.0 = Release|x64
		{F1976BEF-8756-46C2-830B-A638FF4A2E8C}.Release|x86.ActiveCfg = Release|x86
		{F1976BEF-8756-46C2-830B-A638FF4A2E8C}.Release|x86.Build.0 = Release|x86
		{45A71E18-42E8-41A4-9479-2852C4186993}.Debug|x64.ActiveCfg = Debug|x64
		{45A71E18-42E8-41A4-9479-2852C4186993}.Debug|x64.Build.0 = Debug|x64
		{45A71E18-42E8-41A4-9479-2852C4186993}.Debug|x86.ActiveCfg = Debug|x86
		{45A71E18-42E8-41A4-9479-2852C4186993}.Debug|x86.Build.0 = Debug|x86
		{45A71E18-42E8-41A4-9479-2852C4186993}.Release|x64.ActiveCfg = Release|x64
		{45A71E18-42E8-41A4-9479-2852C4186993}.Release|x64.Build.0 = Release|x64
		{45A71E18-42E8-41A4-9479-2852C4186993}.Release|x86.ActiveCfg = Release|x86
		{45A71E18-42E8-41A4-9479-2852C4186993}.Release|x86.Build.0 = Release|x86
>>>>>>> 5274efae5063266c05e22767c68c75e7832d1297
	EndGlobalSection
	GlobalSection(SolutionProperties) = preSolution
		HideSolutionNode = FALSE
	EndGlobalSection
EndGlobal
