
Microsoft Visual Studio Solution File, Format Version 12.00
# Visual Studio 2013
VisualStudioVersion = 12.0.30110.0
MinimumVisualStudioVersion = 10.0.40219.1
Project("{FAE04EC0-301F-11D3-BF4B-00C04F79EFBC}") = "CSMSL", "CSMSL\CSMSL.csproj", "{3C8C9F05-9C19-4251-95FA-05D7EDC8CAE6}"
EndProject
Project("{FAE04EC0-301F-11D3-BF4B-00C04F79EFBC}") = "Thermo", "CSMSL\IO\Thermo\Thermo.csproj", "{24DC85FF-E97B-4140-9614-77DD8FDDD32F}"
EndProject
Project("{FAE04EC0-301F-11D3-BF4B-00C04F79EFBC}") = "CSMSL.Examples", "CSMSL.Examples\CSMSL.Examples.csproj", "{AFA55374-C851-429F-AC43-CCC0A52C0315}"
EndProject
Project("{FAE04EC0-301F-11D3-BF4B-00C04F79EFBC}") = "OMSSA", "CSMSL\IO\OMSSA\OMSSA.csproj", "{45A71E18-42E8-41A4-9479-2852C4186993}"
EndProject
Project("{2150E333-8FDC-42A3-9474-1A3956D46DE8}") = ".nuget", ".nuget", "{87E563B1-0EB9-49D7-98BD-8EA282FB9BAC}"
	ProjectSection(SolutionItems) = preProject
		.nuget\NuGet.Config = .nuget\NuGet.Config
		.nuget\NuGet.exe = .nuget\NuGet.exe
		.nuget\NuGet.targets = .nuget\NuGet.targets
	EndProjectSection
EndProject
Project("{FAE04EC0-301F-11D3-BF4B-00C04F79EFBC}") = "CSMSL.Tests", "CSMSL.Tests\CSMSL.Tests.csproj", "{156FA2E7-48A5-4940-B4BF-1154B052579A}"
EndProject
Project("{FAE04EC0-301F-11D3-BF4B-00C04F79EFBC}") = "MzML", "CSMSL\IO\MzML\MzML.csproj", "{012434FB-88A9-4DEC-B887-5F64C0B481D4}"
EndProject
Project("{FAE04EC0-301F-11D3-BF4B-00C04F79EFBC}") = "Agilent", "CSMSL\IO\Agilent\Agilent.csproj", "{83C27418-E85C-4270-B9D1-066B9EAD5211}"
EndProject
Project("{FAE04EC0-301F-11D3-BF4B-00C04F79EFBC}") = "PepXml", "CSMSL\IO\PepXml\PepXml.csproj", "{33DE9ECE-37A8-44AF-9ED0-242763D2801D}"
EndProject
Global
	GlobalSection(SolutionConfigurationPlatforms) = preSolution
		Debug|Any CPU = Debug|Any CPU
		Debug|x64 = Debug|x64
		Debug|x86 = Debug|x86
		Release|Any CPU = Release|Any CPU
		Release|x64 = Release|x64
		Release|x86 = Release|x86
	EndGlobalSection
	GlobalSection(ProjectConfigurationPlatforms) = postSolution
		{3C8C9F05-9C19-4251-95FA-05D7EDC8CAE6}.Debug|Any CPU.ActiveCfg = Debug|Any CPU
		{3C8C9F05-9C19-4251-95FA-05D7EDC8CAE6}.Debug|Any CPU.Build.0 = Debug|Any CPU
		{3C8C9F05-9C19-4251-95FA-05D7EDC8CAE6}.Debug|x64.ActiveCfg = Debug|x64
		{3C8C9F05-9C19-4251-95FA-05D7EDC8CAE6}.Debug|x64.Build.0 = Debug|x64
		{3C8C9F05-9C19-4251-95FA-05D7EDC8CAE6}.Debug|x86.ActiveCfg = Debug|x86
		{3C8C9F05-9C19-4251-95FA-05D7EDC8CAE6}.Debug|x86.Build.0 = Debug|x86
		{3C8C9F05-9C19-4251-95FA-05D7EDC8CAE6}.Release|Any CPU.ActiveCfg = Release|Any CPU
		{3C8C9F05-9C19-4251-95FA-05D7EDC8CAE6}.Release|Any CPU.Build.0 = Release|Any CPU
		{3C8C9F05-9C19-4251-95FA-05D7EDC8CAE6}.Release|x64.ActiveCfg = Release|x64
		{3C8C9F05-9C19-4251-95FA-05D7EDC8CAE6}.Release|x64.Build.0 = Release|x64
		{3C8C9F05-9C19-4251-95FA-05D7EDC8CAE6}.Release|x86.ActiveCfg = Release|x86
		{3C8C9F05-9C19-4251-95FA-05D7EDC8CAE6}.Release|x86.Build.0 = Release|x86
		{24DC85FF-E97B-4140-9614-77DD8FDDD32F}.Debug|Any CPU.ActiveCfg = Debug|Any CPU
		{24DC85FF-E97B-4140-9614-77DD8FDDD32F}.Debug|Any CPU.Build.0 = Debug|Any CPU
		{24DC85FF-E97B-4140-9614-77DD8FDDD32F}.Debug|x64.ActiveCfg = Debug|x64
		{24DC85FF-E97B-4140-9614-77DD8FDDD32F}.Debug|x64.Build.0 = Debug|x64
		{24DC85FF-E97B-4140-9614-77DD8FDDD32F}.Debug|x86.ActiveCfg = Debug|x86
		{24DC85FF-E97B-4140-9614-77DD8FDDD32F}.Debug|x86.Build.0 = Debug|x86
		{24DC85FF-E97B-4140-9614-77DD8FDDD32F}.Release|Any CPU.ActiveCfg = Release|Any CPU
		{24DC85FF-E97B-4140-9614-77DD8FDDD32F}.Release|Any CPU.Build.0 = Release|Any CPU
		{24DC85FF-E97B-4140-9614-77DD8FDDD32F}.Release|x64.ActiveCfg = Release|x64
		{24DC85FF-E97B-4140-9614-77DD8FDDD32F}.Release|x64.Build.0 = Release|x64
		{24DC85FF-E97B-4140-9614-77DD8FDDD32F}.Release|x86.ActiveCfg = Release|x86
		{24DC85FF-E97B-4140-9614-77DD8FDDD32F}.Release|x86.Build.0 = Release|x86
		{AFA55374-C851-429F-AC43-CCC0A52C0315}.Debug|Any CPU.ActiveCfg = Debug|Any CPU
		{AFA55374-C851-429F-AC43-CCC0A52C0315}.Debug|Any CPU.Build.0 = Debug|Any CPU
		{AFA55374-C851-429F-AC43-CCC0A52C0315}.Debug|x64.ActiveCfg = Debug|x64
		{AFA55374-C851-429F-AC43-CCC0A52C0315}.Debug|x64.Build.0 = Debug|x64
		{AFA55374-C851-429F-AC43-CCC0A52C0315}.Debug|x86.ActiveCfg = Debug|x86
		{AFA55374-C851-429F-AC43-CCC0A52C0315}.Debug|x86.Build.0 = Debug|x86
		{AFA55374-C851-429F-AC43-CCC0A52C0315}.Release|Any CPU.ActiveCfg = Release|Any CPU
		{AFA55374-C851-429F-AC43-CCC0A52C0315}.Release|Any CPU.Build.0 = Release|Any CPU
		{AFA55374-C851-429F-AC43-CCC0A52C0315}.Release|x64.ActiveCfg = Release|x64
		{AFA55374-C851-429F-AC43-CCC0A52C0315}.Release|x64.Build.0 = Release|x64
		{AFA55374-C851-429F-AC43-CCC0A52C0315}.Release|x86.ActiveCfg = Release|x86
		{AFA55374-C851-429F-AC43-CCC0A52C0315}.Release|x86.Build.0 = Release|x86
		{45A71E18-42E8-41A4-9479-2852C4186993}.Debug|Any CPU.ActiveCfg = Debug|Any CPU
		{45A71E18-42E8-41A4-9479-2852C4186993}.Debug|Any CPU.Build.0 = Debug|Any CPU
		{45A71E18-42E8-41A4-9479-2852C4186993}.Debug|x64.ActiveCfg = Debug|x64
		{45A71E18-42E8-41A4-9479-2852C4186993}.Debug|x64.Build.0 = Debug|x64
		{45A71E18-42E8-41A4-9479-2852C4186993}.Debug|x86.ActiveCfg = Debug|x86
		{45A71E18-42E8-41A4-9479-2852C4186993}.Debug|x86.Build.0 = Debug|x86
		{45A71E18-42E8-41A4-9479-2852C4186993}.Release|Any CPU.ActiveCfg = Release|Any CPU
		{45A71E18-42E8-41A4-9479-2852C4186993}.Release|Any CPU.Build.0 = Release|Any CPU
		{45A71E18-42E8-41A4-9479-2852C4186993}.Release|x64.ActiveCfg = Release|x64
		{45A71E18-42E8-41A4-9479-2852C4186993}.Release|x64.Build.0 = Release|x64
		{45A71E18-42E8-41A4-9479-2852C4186993}.Release|x86.ActiveCfg = Release|x86
		{45A71E18-42E8-41A4-9479-2852C4186993}.Release|x86.Build.0 = Release|x86
		{156FA2E7-48A5-4940-B4BF-1154B052579A}.Debug|Any CPU.ActiveCfg = Debug|Any CPU
		{156FA2E7-48A5-4940-B4BF-1154B052579A}.Debug|Any CPU.Build.0 = Debug|Any CPU
		{156FA2E7-48A5-4940-B4BF-1154B052579A}.Debug|x64.ActiveCfg = Debug|x64
		{156FA2E7-48A5-4940-B4BF-1154B052579A}.Debug|x64.Build.0 = Debug|x64
		{156FA2E7-48A5-4940-B4BF-1154B052579A}.Debug|x86.ActiveCfg = Debug|x86
		{156FA2E7-48A5-4940-B4BF-1154B052579A}.Debug|x86.Build.0 = Debug|x86
		{156FA2E7-48A5-4940-B4BF-1154B052579A}.Release|Any CPU.ActiveCfg = Release|Any CPU
		{156FA2E7-48A5-4940-B4BF-1154B052579A}.Release|Any CPU.Build.0 = Release|Any CPU
		{156FA2E7-48A5-4940-B4BF-1154B052579A}.Release|x64.ActiveCfg = Release|x64
		{156FA2E7-48A5-4940-B4BF-1154B052579A}.Release|x64.Build.0 = Release|x64
		{156FA2E7-48A5-4940-B4BF-1154B052579A}.Release|x86.ActiveCfg = Release|x86
		{156FA2E7-48A5-4940-B4BF-1154B052579A}.Release|x86.Build.0 = Release|x86
		{012434FB-88A9-4DEC-B887-5F64C0B481D4}.Debug|Any CPU.ActiveCfg = Debug|Any CPU
		{012434FB-88A9-4DEC-B887-5F64C0B481D4}.Debug|Any CPU.Build.0 = Debug|Any CPU
		{012434FB-88A9-4DEC-B887-5F64C0B481D4}.Debug|x64.ActiveCfg = Debug|x64
		{012434FB-88A9-4DEC-B887-5F64C0B481D4}.Debug|x64.Build.0 = Debug|x64
		{012434FB-88A9-4DEC-B887-5F64C0B481D4}.Debug|x86.ActiveCfg = Debug|x86
		{012434FB-88A9-4DEC-B887-5F64C0B481D4}.Debug|x86.Build.0 = Debug|x86
		{012434FB-88A9-4DEC-B887-5F64C0B481D4}.Release|Any CPU.ActiveCfg = Release|Any CPU
		{012434FB-88A9-4DEC-B887-5F64C0B481D4}.Release|Any CPU.Build.0 = Release|Any CPU
		{012434FB-88A9-4DEC-B887-5F64C0B481D4}.Release|x64.ActiveCfg = Release|x64
		{012434FB-88A9-4DEC-B887-5F64C0B481D4}.Release|x64.Build.0 = Release|x64
		{012434FB-88A9-4DEC-B887-5F64C0B481D4}.Release|x86.ActiveCfg = Release|x86
		{012434FB-88A9-4DEC-B887-5F64C0B481D4}.Release|x86.Build.0 = Release|x86
		{83C27418-E85C-4270-B9D1-066B9EAD5211}.Debug|Any CPU.ActiveCfg = Debug|Any CPU
		{83C27418-E85C-4270-B9D1-066B9EAD5211}.Debug|Any CPU.Build.0 = Debug|Any CPU
		{83C27418-E85C-4270-B9D1-066B9EAD5211}.Debug|x64.ActiveCfg = Debug|x64
		{83C27418-E85C-4270-B9D1-066B9EAD5211}.Debug|x64.Build.0 = Debug|x64
		{83C27418-E85C-4270-B9D1-066B9EAD5211}.Debug|x86.ActiveCfg = Debug|x86
		{83C27418-E85C-4270-B9D1-066B9EAD5211}.Debug|x86.Build.0 = Debug|x86
		{83C27418-E85C-4270-B9D1-066B9EAD5211}.Release|Any CPU.ActiveCfg = Release|Any CPU
		{83C27418-E85C-4270-B9D1-066B9EAD5211}.Release|Any CPU.Build.0 = Release|Any CPU
		{83C27418-E85C-4270-B9D1-066B9EAD5211}.Release|x64.ActiveCfg = Release|x64
		{83C27418-E85C-4270-B9D1-066B9EAD5211}.Release|x64.Build.0 = Release|x64
		{83C27418-E85C-4270-B9D1-066B9EAD5211}.Release|x86.ActiveCfg = Release|x86
		{83C27418-E85C-4270-B9D1-066B9EAD5211}.Release|x86.Build.0 = Release|x86
		{33DE9ECE-37A8-44AF-9ED0-242763D2801D}.Debug|Any CPU.ActiveCfg = Debug|Any CPU
		{33DE9ECE-37A8-44AF-9ED0-242763D2801D}.Debug|Any CPU.Build.0 = Debug|Any CPU
		{33DE9ECE-37A8-44AF-9ED0-242763D2801D}.Debug|x64.ActiveCfg = Debug|x64
		{33DE9ECE-37A8-44AF-9ED0-242763D2801D}.Debug|x64.Build.0 = Debug|x64
		{33DE9ECE-37A8-44AF-9ED0-242763D2801D}.Debug|x86.ActiveCfg = Debug|x86
		{33DE9ECE-37A8-44AF-9ED0-242763D2801D}.Debug|x86.Build.0 = Debug|x86
		{33DE9ECE-37A8-44AF-9ED0-242763D2801D}.Release|Any CPU.ActiveCfg = Release|Any CPU
		{33DE9ECE-37A8-44AF-9ED0-242763D2801D}.Release|Any CPU.Build.0 = Release|Any CPU
		{33DE9ECE-37A8-44AF-9ED0-242763D2801D}.Release|x64.ActiveCfg = Release|x64
		{33DE9ECE-37A8-44AF-9ED0-242763D2801D}.Release|x64.Build.0 = Release|x64
		{33DE9ECE-37A8-44AF-9ED0-242763D2801D}.Release|x86.ActiveCfg = Release|x86
		{33DE9ECE-37A8-44AF-9ED0-242763D2801D}.Release|x86.Build.0 = Release|x86
	EndGlobalSection
	GlobalSection(SolutionProperties) = preSolution
		HideSolutionNode = FALSE
	EndGlobalSection
EndGlobal
